
Microsoft Visual Studio Solution File, Format Version 12.00
# Visual Studio Version 17
VisualStudioVersion = 17.0.31903.59
MinimumVisualStudioVersion = 10.0.40219.1
Project("{2150E333-8FDC-42A3-9474-1A3956D46DE8}") = "src", "src", "{B784F0CF-9477-4262-9E5C-676CF38484CF}"
	ProjectSection(SolutionItems) = preProject
		launchSettings.json = launchSettings.json
	EndProjectSection
EndProject
Project("{FAE04EC0-301F-11D3-BF4B-00C04F79EFBC}") = "DotNet.Test.Api", "src\DotNet.Test.Api\DotNet.Test.Api.csproj", "{E0DC6BA6-076E-4569-AC1E-43F516CA6B8C}"
EndProject
Global
	GlobalSection(SolutionConfigurationPlatforms) = preSolution
		Debug|Any CPU = Debug|Any CPU
		Release|Any CPU = Release|Any CPU
	EndGlobalSection
	GlobalSection(ProjectConfigurationPlatforms) = postSolution
		{E0DC6BA6-076E-4569-AC1E-43F516CA6B8C}.Debug|Any CPU.ActiveCfg = Debug|Any CPU
		{E0DC6BA6-076E-4569-AC1E-43F516CA6B8C}.Debug|Any CPU.Build.0 = Debug|Any CPU
		{E0DC6BA6-076E-4569-AC1E-43F516CA6B8C}.Release|Any CPU.ActiveCfg = Release|Any CPU
		{E0DC6BA6-076E-4569-AC1E-43F516CA6B8C}.Release|Any CPU.Build.0 = Release|Any CPU
	EndGlobalSection
	GlobalSection(SolutionProperties) = preSolution
		HideSolutionNode = FALSE
	EndGlobalSection
	GlobalSection(NestedProjects) = preSolution
		{E0DC6BA6-076E-4569-AC1E-43F516CA6B8C} = {B784F0CF-9477-4262-9E5C-676CF38484CF}
	EndGlobalSection
	GlobalSection(ExtensibilityGlobals) = postSolution
		SolutionGuid = {C2A3ED59-31C0-405A-986B-3231C34D6815}
	EndGlobalSection
EndGlobal
